
Microsoft Visual Studio Solution File, Format Version 12.00
# Visual Studio Version 17
VisualStudioVersion = 17.3.32929.385
MinimumVisualStudioVersion = 10.0.40219.1
Project("{9A19103F-16F7-4668-BE54-9A1E7A4F7556}") = "Skillfactory 3.2-3.3", "Skillfactory_3.2\Skillfactory 3.2-3.3.csproj", "{9EC63913-C3A0-4BED-9D89-DCF851BB38A6}"
EndProject
Project("{9A19103F-16F7-4668-BE54-9A1E7A4F7556}") = "Skillfactory 3.4", "..\Skillfactory\Skillfactory 3.4\Skillfactory 3.4.csproj", "{6F68557A-AB21-4C62-B798-3A4B213D0277}"
EndProject
Project("{9A19103F-16F7-4668-BE54-9A1E7A4F7556}") = "Skillfactory 3.6", "Skillfactory 3.6\Skillfactory 3.6.csproj", "{D2D9F9A0-1EDC-4B2F-B826-525F00F5E3AF}"
EndProject
Project("{9A19103F-16F7-4668-BE54-9A1E7A4F7556}") = "Skillfactory 3.7", "Skillfactory 3.7\Skillfactory 3.7.csproj", "{49E739B9-1C11-4529-A4AC-82CC132390B5}"
EndProject
Project("{9A19103F-16F7-4668-BE54-9A1E7A4F7556}") = "Skillfactory 4", "Skillfactory 4\Skillfactory 4.csproj", "{A1110B8F-BDD7-46AC-8D9D-12AE39F23F89}"
EndProject
Project("{9A19103F-16F7-4668-BE54-9A1E7A4F7556}") = "Skillfactory 4.3.7", "Skillfactory 4.3.7\Skillfactory 4.3.7.csproj", "{6603B71B-ADD0-4C43-A4BD-A5C8675202AB}"
EndProject
Project("{9A19103F-16F7-4668-BE54-9A1E7A4F7556}") = "Skillfactory 4.3.12", "Skillfactory 4.3.12\Skillfactory 4.3.12.csproj", "{BC570558-0AEC-4A5E-A2C1-BA2313CE6E67}"
EndProject
Project("{9A19103F-16F7-4668-BE54-9A1E7A4F7556}") = "Skillfactory 4.3.15", "Skillfactory 4.3.15\Skillfactory 4.3.15.csproj", "{3BFF456A-94D9-4812-94DB-D60EF5135891}"
EndProject
Project("{FAE04EC0-301F-11D3-BF4B-00C04F79EFBC}") = "Skillfactory 4.3.16", "Skillfactory 4.3.16\Skillfactory 4.3.16.csproj", "{985B969F-65D6-403E-AA7D-4D7C1FC78B01}"
EndProject
Project("{FAE04EC0-301F-11D3-BF4B-00C04F79EFBC}") = "Skillfactory 4.3.17", "Skillfactory 4.3.17\Skillfactory 4.3.17.csproj", "{54D430FC-2D46-4420-A1EB-05FCCCA2EE4D}"
EndProject
Project("{FAE04EC0-301F-11D3-BF4B-00C04F79EFBC}") = "Skillfactory 4.4.2", "Skillfactory 4.4.2\Skillfactory 4.4.2.csproj", "{56ACDC9C-B551-4824-B92B-7922112FCCA6}"
EndProject
Project("{FAE04EC0-301F-11D3-BF4B-00C04F79EFBC}") = "Skillfactory 4.5.1", "Skillfactory 4.5.1\Skillfactory 4.5.1.csproj", "{F06C5CFF-12DA-48F1-B5D5-C23C5C49BAC5}"
EndProject
Global
	GlobalSection(SolutionConfigurationPlatforms) = preSolution
		Debug|Any CPU = Debug|Any CPU
		Release|Any CPU = Release|Any CPU
	EndGlobalSection
	GlobalSection(ProjectConfigurationPlatforms) = postSolution
		{9EC63913-C3A0-4BED-9D89-DCF851BB38A6}.Debug|Any CPU.ActiveCfg = Debug|Any CPU
		{9EC63913-C3A0-4BED-9D89-DCF851BB38A6}.Debug|Any CPU.Build.0 = Debug|Any CPU
		{9EC63913-C3A0-4BED-9D89-DCF851BB38A6}.Release|Any CPU.ActiveCfg = Release|Any CPU
		{9EC63913-C3A0-4BED-9D89-DCF851BB38A6}.Release|Any CPU.Build.0 = Release|Any CPU
		{6F68557A-AB21-4C62-B798-3A4B213D0277}.Debug|Any CPU.ActiveCfg = Debug|Any CPU
		{6F68557A-AB21-4C62-B798-3A4B213D0277}.Debug|Any CPU.Build.0 = Debug|Any CPU
		{6F68557A-AB21-4C62-B798-3A4B213D0277}.Release|Any CPU.ActiveCfg = Release|Any CPU
		{6F68557A-AB21-4C62-B798-3A4B213D0277}.Release|Any CPU.Build.0 = Release|Any CPU
		{D2D9F9A0-1EDC-4B2F-B826-525F00F5E3AF}.Debug|Any CPU.ActiveCfg = Debug|Any CPU
		{D2D9F9A0-1EDC-4B2F-B826-525F00F5E3AF}.Debug|Any CPU.Build.0 = Debug|Any CPU
		{D2D9F9A0-1EDC-4B2F-B826-525F00F5E3AF}.Release|Any CPU.ActiveCfg = Release|Any CPU
		{D2D9F9A0-1EDC-4B2F-B826-525F00F5E3AF}.Release|Any CPU.Build.0 = Release|Any CPU
		{49E739B9-1C11-4529-A4AC-82CC132390B5}.Debug|Any CPU.ActiveCfg = Debug|Any CPU
		{49E739B9-1C11-4529-A4AC-82CC132390B5}.Debug|Any CPU.Build.0 = Debug|Any CPU
		{49E739B9-1C11-4529-A4AC-82CC132390B5}.Release|Any CPU.ActiveCfg = Release|Any CPU
		{49E739B9-1C11-4529-A4AC-82CC132390B5}.Release|Any CPU.Build.0 = Release|Any CPU
		{A1110B8F-BDD7-46AC-8D9D-12AE39F23F89}.Debug|Any CPU.ActiveCfg = Debug|Any CPU
		{A1110B8F-BDD7-46AC-8D9D-12AE39F23F89}.Debug|Any CPU.Build.0 = Debug|Any CPU
		{A1110B8F-BDD7-46AC-8D9D-12AE39F23F89}.Release|Any CPU.ActiveCfg = Release|Any CPU
		{A1110B8F-BDD7-46AC-8D9D-12AE39F23F89}.Release|Any CPU.Build.0 = Release|Any CPU
		{6603B71B-ADD0-4C43-A4BD-A5C8675202AB}.Debug|Any CPU.ActiveCfg = Debug|Any CPU
		{6603B71B-ADD0-4C43-A4BD-A5C8675202AB}.Debug|Any CPU.Build.0 = Debug|Any CPU
		{6603B71B-ADD0-4C43-A4BD-A5C8675202AB}.Release|Any CPU.ActiveCfg = Release|Any CPU
		{6603B71B-ADD0-4C43-A4BD-A5C8675202AB}.Release|Any CPU.Build.0 = Release|Any CPU
		{BC570558-0AEC-4A5E-A2C1-BA2313CE6E67}.Debug|Any CPU.ActiveCfg = Debug|Any CPU
		{BC570558-0AEC-4A5E-A2C1-BA2313CE6E67}.Debug|Any CPU.Build.0 = Debug|Any CPU
		{BC570558-0AEC-4A5E-A2C1-BA2313CE6E67}.Release|Any CPU.ActiveCfg = Release|Any CPU
		{BC570558-0AEC-4A5E-A2C1-BA2313CE6E67}.Release|Any CPU.Build.0 = Release|Any CPU
		{3BFF456A-94D9-4812-94DB-D60EF5135891}.Debug|Any CPU.ActiveCfg = Debug|Any CPU
		{3BFF456A-94D9-4812-94DB-D60EF5135891}.Debug|Any CPU.Build.0 = Debug|Any CPU
		{3BFF456A-94D9-4812-94DB-D60EF5135891}.Release|Any CPU.ActiveCfg = Release|Any CPU
		{3BFF456A-94D9-4812-94DB-D60EF5135891}.Release|Any CPU.Build.0 = Release|Any CPU
		{985B969F-65D6-403E-AA7D-4D7C1FC78B01}.Debug|Any CPU.ActiveCfg = Debug|Any CPU
		{985B969F-65D6-403E-AA7D-4D7C1FC78B01}.Debug|Any CPU.Build.0 = Debug|Any CPU
		{985B969F-65D6-403E-AA7D-4D7C1FC78B01}.Release|Any CPU.ActiveCfg = Release|Any CPU
		{985B969F-65D6-403E-AA7D-4D7C1FC78B01}.Release|Any CPU.Build.0 = Release|Any CPU
		{54D430FC-2D46-4420-A1EB-05FCCCA2EE4D}.Debug|Any CPU.ActiveCfg = Debug|Any CPU
		{54D430FC-2D46-4420-A1EB-05FCCCA2EE4D}.Debug|Any CPU.Build.0 = Debug|Any CPU
		{54D430FC-2D46-4420-A1EB-05FCCCA2EE4D}.Release|Any CPU.ActiveCfg = Release|Any CPU
		{54D430FC-2D46-4420-A1EB-05FCCCA2EE4D}.Release|Any CPU.Build.0 = Release|Any CPU
		{56ACDC9C-B551-4824-B92B-7922112FCCA6}.Debug|Any CPU.ActiveCfg = Debug|Any CPU
		{56ACDC9C-B551-4824-B92B-7922112FCCA6}.Debug|Any CPU.Build.0 = Debug|Any CPU
		{56ACDC9C-B551-4824-B92B-7922112FCCA6}.Release|Any CPU.ActiveCfg = Release|Any CPU
		{56ACDC9C-B551-4824-B92B-7922112FCCA6}.Release|Any CPU.Build.0 = Release|Any CPU
		{F06C5CFF-12DA-48F1-B5D5-C23C5C49BAC5}.Debug|Any CPU.ActiveCfg = Debug|Any CPU
		{F06C5CFF-12DA-48F1-B5D5-C23C5C49BAC5}.Debug|Any CPU.Build.0 = Debug|Any CPU
		{F06C5CFF-12DA-48F1-B5D5-C23C5C49BAC5}.Release|Any CPU.ActiveCfg = Release|Any CPU
		{F06C5CFF-12DA-48F1-B5D5-C23C5C49BAC5}.Release|Any CPU.Build.0 = Release|Any CPU
	EndGlobalSection
	GlobalSection(SolutionProperties) = preSolution
		HideSolutionNode = FALSE
	EndGlobalSection
	GlobalSection(ExtensibilityGlobals) = postSolution
		SolutionGuid = {C3DF3C34-B6ED-4F9D-866B-79C30B281FE3}
	EndGlobalSection
EndGlobal
